
Microsoft Visual Studio Solution File, Format Version 12.00
# Visual Studio Version 17
VisualStudioVersion = 17.11.35303.130
MinimumVisualStudioVersion = 10.0.40219.1
Project("{FAE04EC0-301F-11D3-BF4B-00C04F79EFBC}") = "Ex16", "Ex16\Ex16.csproj", "{1D6329B6-6290-4BC3-969E-EDB30CF26BF8}"
EndProject
Global
	GlobalSection(SolutionConfigurationPlatforms) = preSolution
		Debug|Any CPU = Debug|Any CPU
		Release|Any CPU = Release|Any CPU
	EndGlobalSection
	GlobalSection(ProjectConfigurationPlatforms) = postSolution
		{1D6329B6-6290-4BC3-969E-EDB30CF26BF8}.Debug|Any CPU.ActiveCfg = Debug|Any CPU
		{1D6329B6-6290-4BC3-969E-EDB30CF26BF8}.Debug|Any CPU.Build.0 = Debug|Any CPU
		{1D6329B6-6290-4BC3-969E-EDB30CF26BF8}.Release|Any CPU.ActiveCfg = Release|Any CPU
		{1D6329B6-6290-4BC3-969E-EDB30CF26BF8}.Release|Any CPU.Build.0 = Release|Any CPU
	EndGlobalSection
	GlobalSection(SolutionProperties) = preSolution
		HideSolutionNode = FALSE
	EndGlobalSection
	GlobalSection(ExtensibilityGlobals) = postSolution
		SolutionGuid = {25960486-5DCD-45D3-8DEF-8C3299E2B8E6}
	EndGlobalSection
EndGlobal
