
Microsoft Visual Studio Solution File, Format Version 12.00
# Visual Studio Version 17
VisualStudioVersion = 17.11.35303.130
MinimumVisualStudioVersion = 10.0.40219.1
Project("{FAE04EC0-301F-11D3-BF4B-00C04F79EFBC}") = "Ex2", "Ex2\Ex2.csproj", "{0BBC8ABE-4D16-4268-90B3-DFE5936DB480}"
EndProject
Global
	GlobalSection(SolutionConfigurationPlatforms) = preSolution
		Debug|Any CPU = Debug|Any CPU
		Release|Any CPU = Release|Any CPU
	EndGlobalSection
	GlobalSection(ProjectConfigurationPlatforms) = postSolution
		{0BBC8ABE-4D16-4268-90B3-DFE5936DB480}.Debug|Any CPU.ActiveCfg = Debug|Any CPU
		{0BBC8ABE-4D16-4268-90B3-DFE5936DB480}.Debug|Any CPU.Build.0 = Debug|Any CPU
		{0BBC8ABE-4D16-4268-90B3-DFE5936DB480}.Release|Any CPU.ActiveCfg = Release|Any CPU
		{0BBC8ABE-4D16-4268-90B3-DFE5936DB480}.Release|Any CPU.Build.0 = Release|Any CPU
	EndGlobalSection
	GlobalSection(SolutionProperties) = preSolution
		HideSolutionNode = FALSE
	EndGlobalSection
	GlobalSection(ExtensibilityGlobals) = postSolution
		SolutionGuid = {900163A5-6CD2-4C62-9D52-7BD8A3DBCCB4}
	EndGlobalSection
EndGlobal
