
Microsoft Visual Studio Solution File, Format Version 12.00
# Visual Studio Version 17
VisualStudioVersion = 17.11.35303.130
MinimumVisualStudioVersion = 10.0.40219.1
Project("{FAE04EC0-301F-11D3-BF4B-00C04F79EFBC}") = "Variaveis", "Variaveis\Variaveis.csproj", "{EDAA6840-C63A-42B9-BC31-4F34D895F74F}"
EndProject
Global
	GlobalSection(SolutionConfigurationPlatforms) = preSolution
		Debug|Any CPU = Debug|Any CPU
		Release|Any CPU = Release|Any CPU
	EndGlobalSection
	GlobalSection(ProjectConfigurationPlatforms) = postSolution
		{EDAA6840-C63A-42B9-BC31-4F34D895F74F}.Debug|Any CPU.ActiveCfg = Debug|Any CPU
		{EDAA6840-C63A-42B9-BC31-4F34D895F74F}.Debug|Any CPU.Build.0 = Debug|Any CPU
		{EDAA6840-C63A-42B9-BC31-4F34D895F74F}.Release|Any CPU.ActiveCfg = Release|Any CPU
		{EDAA6840-C63A-42B9-BC31-4F34D895F74F}.Release|Any CPU.Build.0 = Release|Any CPU
	EndGlobalSection
	GlobalSection(SolutionProperties) = preSolution
		HideSolutionNode = FALSE
	EndGlobalSection
	GlobalSection(ExtensibilityGlobals) = postSolution
		SolutionGuid = {936B0C93-2921-4039-B211-2E27C7A52963}
	EndGlobalSection
EndGlobal
